
Microsoft Visual Studio Solution File, Format Version 12.00
# Visual Studio Version 17
VisualStudioVersion = 17.0.31903.59
MinimumVisualStudioVersion = 10.0.40219.1
Project("{9A19103F-16F7-4668-BE54-9A1E7A4F7556}") = "BibleNLTTranslationLibrary", "BibleNLTTranslationLibrary.csproj", "{52B5C2BD-D037-41E5-9249-DE4954F81F48}"
EndProject
Global
	GlobalSection(SolutionConfigurationPlatforms) = preSolution
		Debug|Any CPU = Debug|Any CPU
		Release|Any CPU = Release|Any CPU
	EndGlobalSection
	GlobalSection(ProjectConfigurationPlatforms) = postSolution
		{52B5C2BD-D037-41E5-9249-DE4954F81F48}.Debug|Any CPU.ActiveCfg = Debug|Any CPU
		{52B5C2BD-D037-41E5-9249-DE4954F81F48}.Debug|Any CPU.Build.0 = Debug|Any CPU
		{52B5C2BD-D037-41E5-9249-DE4954F81F48}.Release|Any CPU.ActiveCfg = Release|Any CPU
		{52B5C2BD-D037-41E5-9249-DE4954F81F48}.Release|Any CPU.Build.0 = Release|Any CPU
	EndGlobalSection
	GlobalSection(SolutionProperties) = preSolution
		HideSolutionNode = FALSE
	EndGlobalSection
	GlobalSection(ExtensibilityGlobals) = postSolution
		SolutionGuid = {FCD69B95-5EF9-4113-85EF-E69E5C920F96}
	EndGlobalSection
EndGlobal
